Microsoft Visual Studio Solution File, Format Version 12.00
# Visual Studio Version 17
VisualStudioVersion = 17.5.2.0
MinimumVisualStudioVersion = 10.0.40219.1
Project("{FAE04EC0-301F-11D3-BF4B-00C04F79EFBC}") = "PropertyHubMVC", "PropertyHubMVC.csproj", "{256E213D-F2CF-C538-9D71-E4BD2D46ED45}"
EndProject
Global
	GlobalSection(SolutionConfigurationPlatforms) = preSolution
		Debug|Any CPU = Debug|Any CPU
		Release|Any CPU = Release|Any CPU
	EndGlobalSection
	GlobalSection(ProjectConfigurationPlatforms) = postSolution
		{256E213D-F2CF-C538-9D71-E4BD2D46ED45}.Debug|Any CPU.ActiveCfg = Debug|Any CPU
		{256E213D-F2CF-C538-9D71-E4BD2D46ED45}.Debug|Any CPU.Build.0 = Debug|Any CPU
		{256E213D-F2CF-C538-9D71-E4BD2D46ED45}.Release|Any CPU.ActiveCfg = Release|Any CPU
		{256E213D-F2CF-C538-9D71-E4BD2D46ED45}.Release|Any CPU.Build.0 = Release|Any CPU
	EndGlobalSection
	GlobalSection(SolutionProperties) = preSolution
		HideSolutionNode = FALSE
	EndGlobalSection
	GlobalSection(ExtensibilityGlobals) = postSolution
		SolutionGuid = {24B6FD63-E969-4116-B6B2-7D1EB6EFF416}
	EndGlobalSection
EndGlobal
